{
  "version": 4,
  "terraform_version": "1.11.2",
  "serial": 3,
  "lineage": "ce0e74bb-248e-6925-2c2e-8f6b41aa1c6f",
  "outputs": {
    "ecr_registry_id": {
      "value": "373160674113",
      "type": "string"
    },
    "ecr_repository_arn": {
      "value": "arn:aws:ecr:us-east-1:373160674113:repository/netflix-ecr-repo",
      "type": "string"
    },
    "ecr_repository_name": {
      "value": "netflix-ecr-repo",
      "type": "string"
    },
    "ecr_repository_url": {
      "value": "373160674113.dkr.ecr.us-east-1.amazonaws.com/netflix-ecr-repo",
      "type": "string"
    }
  },
  "resources": [
    {
      "mode": "managed",
      "type": "aws_ecr_lifecycle_policy",
      "name": "netflix_ecr_lifecycle",
      "provider": "provider[\"registry.terraform.io/hashicorp/aws\"]",
      "instances": [
        {
          "schema_version": 0,
          "attributes": {
            "id": "netflix-ecr-repo",
            "policy": "{\"rules\":[{\"action\":{\"type\":\"expire\"},\"description\":\"Keep last 10 images\",\"rulePriority\":1,\"selection\":{\"countNumber\":10,\"countType\":\"imageCountMoreThan\",\"tagPrefixList\":[\"v\"],\"tagStatus\":\"tagged\"}},{\"action\":{\"type\":\"expire\"},\"description\":\"Delete untagged images older than 1 day\",\"rulePriority\":2,\"selection\":{\"countNumber\":1,\"countType\":\"sinceImagePushed\",\"countUnit\":\"days\",\"tagStatus\":\"untagged\"}}]}",
            "registry_id": "373160674113",
            "repository": "netflix-ecr-repo"
          },
          "sensitive_attributes": [],
          "private": "bnVsbA==",
          "dependencies": [
            "aws_ecr_repository.netflix_ecr_repo"
          ]
        }
      ]
    },
    {
      "mode": "managed",
      "type": "aws_ecr_repository",
      "name": "netflix_ecr_repo",
      "provider": "provider[\"registry.terraform.io/hashicorp/aws\"]",
      "instances": [
        {
          "schema_version": 0,
          "attributes": {
            "arn": "arn:aws:ecr:us-east-1:373160674113:repository/netflix-ecr-repo",
            "encryption_configuration": [
              {
                "encryption_type": "AES256",
                "kms_key": ""
              }
            ],
            "force_delete": null,
            "id": "netflix-ecr-repo",
            "image_scanning_configuration": [
              {
                "scan_on_push": true
              }
            ],
            "image_tag_mutability": "MUTABLE",
            "name": "netflix-ecr-repo",
            "registry_id": "373160674113",
            "repository_url": "373160674113.dkr.ecr.us-east-1.amazonaws.com/netflix-ecr-repo",
            "tags": {
              "Environment": "dev",
              "Name": "netflix-ecr-repo",
              "Project": "Netflix"
            },
            "tags_all": {
              "Environment": "dev",
              "Name": "netflix-ecr-repo",
              "Project": "Netflix"
            },
            "timeouts": null
          },
          "sensitive_attributes": [],
          "private": "eyJlMmJmYjczMC1lY2FhLTExZTYtOGY4OC0zNDM2M2JjN2M0YzAiOnsiZGVsZXRlIjoxMjAwMDAwMDAwMDAwfX0="
        }
      ]
    }
  ],
  "check_results": null
}
