{
  "version": 4,
  "terraform_version": "1.11.2",
  "serial": 12,
  "lineage": "ce0e74bb-248e-6925-2c2e-8f6b41aa1c6f",
  "outputs": {},
  "resources": [
    {
      "mode": "managed",
      "type": "aws_ecr_repository",
      "name": "netflix_ecr_repo",
      "provider": "provider[\"registry.terraform.io/hashicorp/aws\"]",
      "instances": [
        {
          "schema_version": 0,
          "attributes": {
            "arn": "arn:aws:ecr:us-east-1:373160674113:repository/netflix-ecr-repo",
            "encryption_configuration": [
              {
                "encryption_type": "AES256",
                "kms_key": ""
              }
            ],
            "force_delete": null,
            "id": "netflix-ecr-repo",
            "image_scanning_configuration": [
              {
                "scan_on_push": true
              }
            ],
            "image_tag_mutability": "MUTABLE",
            "name": "netflix-ecr-repo",
            "registry_id": "373160674113",
            "repository_url": "373160674113.dkr.ecr.us-east-1.amazonaws.com/netflix-ecr-repo",
            "tags": {
              "Environment": "dev",
              "Name": "netflix-ecr-repo",
              "Project": "Netflix"
            },
            "tags_all": {
              "Environment": "dev",
              "Name": "netflix-ecr-repo",
              "Project": "Netflix"
            },
            "timeouts": null
          },
          "sensitive_attributes": [],
          "private": "eyJlMmJmYjczMC1lY2FhLTExZTYtOGY4OC0zNDM2M2JjN2M0YzAiOnsiZGVsZXRlIjoxMjAwMDAwMDAwMDAwfX0="
        }
      ]
    }
  ],
  "check_results": null
}
